
Microsoft Visual Studio Solution File, Format Version 12.00
# Visual Studio Version 16
VisualStudioVersion = 16.0.29001.49
MinimumVisualStudioVersion = 10.0.40219.1
Project("{FAE04EC0-301F-11D3-BF4B-00C04F79EFBC}") = "ParticleTest", "ParticleTest\ParticleTest.csproj", "{BBB5037A-8BDA-42E2-BC4D-840007155B13}"
EndProject
Global
	GlobalSection(SolutionConfigurationPlatforms) = preSolution
		Debug|Any CPU = Debug|Any CPU
		Release|Any CPU = Release|Any CPU
	EndGlobalSection
	GlobalSection(ProjectConfigurationPlatforms) = postSolution
		{BBB5037A-8BDA-42E2-BC4D-840007155B13}.Debug|Any CPU.ActiveCfg = Debug|Any CPU
		{BBB5037A-8BDA-42E2-BC4D-840007155B13}.Debug|Any CPU.Build.0 = Debug|Any CPU
		{BBB5037A-8BDA-42E2-BC4D-840007155B13}.Release|Any CPU.ActiveCfg = Release|Any CPU
		{BBB5037A-8BDA-42E2-BC4D-840007155B13}.Release|Any CPU.Build.0 = Release|Any CPU
	EndGlobalSection
	GlobalSection(SolutionProperties) = preSolution
		HideSolutionNode = FALSE
	EndGlobalSection
	GlobalSection(ExtensibilityGlobals) = postSolution
		SolutionGuid = {178632F9-2724-4FC7-8472-520ADB3F2780}
	EndGlobalSection
EndGlobal
